{
  "version": 4,
  "terraform_version": "0.12.29",
  "serial": 5,
  "lineage": "d3c263b3-aa87-606f-ad32-2fd648bc0afd",
  "outputs": {
    "MySql_instance_IP": {
      "value": "34.66.117.93",
      "type": "string"
    }
  },
  "resources": [
    {
      "mode": "managed",
      "type": "google_sql_database",
      "name": "MySql_db",
      "provider": "provider.google",
      "instances": [
        {
          "schema_version": 0,
          "attributes": {
            "charset": "utf8",
            "collation": "utf8_general_ci",
            "id": "projects/alien-bruin-284822/instances/lab-mysql/databases/lab-db-23people",
            "instance": "lab-mysql",
            "name": "lab-db-23people",
            "project": "alien-bruin-284822",
            "self_link": "https://sqladmin.googleapis.com/sql/v1beta4/projects/alien-bruin-284822/instances/lab-mysql/databases/lab-db-23people",
            "timeouts": null
          },
          "private": "eyJlMmJmYjczMC1lY2FhLTExZTYtOGY4OC0zNDM2M2JjN2M0YzAiOnsiY3JlYXRlIjo5MDAwMDAwMDAwMDAsImRlbGV0ZSI6NjAwMDAwMDAwMDAwLCJ1cGRhdGUiOjYwMDAwMDAwMDAwMH19",
          "dependencies": [
            "google_sql_database_instance.MySql"
          ]
        }
      ]
    },
    {
      "mode": "managed",
      "type": "google_sql_database_instance",
      "name": "MySql",
      "provider": "provider.google",
      "instances": [
        {
          "schema_version": 0,
          "attributes": {
            "connection_name": "alien-bruin-284822:us-central1:lab-mysql",
            "database_version": "MYSQL_5_7",
            "first_ip_address": "34.66.117.93",
            "id": "lab-mysql",
            "ip_address": [
              {
                "ip_address": "34.66.117.93",
                "time_to_retire": "",
                "type": "PRIMARY"
              }
            ],
            "master_instance_name": "",
            "name": "lab-mysql",
            "private_ip_address": "",
            "project": "alien-bruin-284822",
            "public_ip_address": "34.66.117.93",
            "region": "us-central1",
            "replica_configuration": [],
            "root_password": null,
            "self_link": "https://sqladmin.googleapis.com/sql/v1beta4/projects/alien-bruin-284822/instances/lab-mysql",
            "server_ca_cert": [
              {
                "cert": "-----BEGIN CERTIFICATE-----\nMIIDfzCCAmegAwIBAgIBADANBgkqhkiG9w0BAQsFADB3MS0wKwYDVQQuEyRiYzc0\nNTgzYi1mNjhkLTRkMzQtYTA1Yi1iMWUzMmNhMmRhOGYxIzAhBgNVBAMTGkdvb2ds\nZSBDbG91ZCBTUUwgU2VydmVyIENBMRQwEgYDVQQKEwtHb29nbGUsIEluYzELMAkG\nA1UEBhMCVVMwHhcNMjAwNzI5MjMwMDU1WhcNMzAwNzI3MjMwMTU1WjB3MS0wKwYD\nVQQuEyRiYzc0NTgzYi1mNjhkLTRkMzQtYTA1Yi1iMWUzMmNhMmRhOGYxIzAhBgNV\nBAMTGkdvb2dsZSBDbG91ZCBTUUwgU2VydmVyIENBMRQwEgYDVQQKEwtHb29nbGUs\nIEluYzELMAkGA1UEBhMCVVMwggEiMA0GCSqGSIb3DQEBAQUAA4IBDwAwggEKAoIB\nAQCmMKsxaGXoUnJuv0Ph2cYF5BCdsgS2tDeMUgQBh+hIkXgvqunHrhLpUHoacgjE\nbrwTGEoXaH4JfXvX8ErggEuN+ayOGEeeqJPMj8MCVscChxu/xHXYRVQNBzTdmZIY\nBmDb/3NADXa1weBr9gWGF7DaJz0xvfgEU2HKutLQD2TmEx+MW2eAcAQNo7gZVtXV\nk3EYEr0ZCtUpH81+LF/30axdLaMcoRKI9ThrdUhs81LQOkOqHJ7M/DbztNZD3xkT\nGeAXG8i9K9oZh1/NBs8S97Vr85Ic2rFyJ4HiLuzg2vsBBvo/tEe1z8Gj6BsB839p\nGnXnoRrNYss2uV3qRdee8D55AgMBAAGjFjAUMBIGA1UdEwEB/wQIMAYBAf8CAQAw\nDQYJKoZIhvcNAQELBQADggEBAE9JW1GS+k91LJ/2z1f6/Sp3jg7cyXq8HnMZVLpv\nz/JBYMocDGpvKOHwYCjdha8XW3Z11+DLrc2D6BplcLDWklPbViSIm1E5MTQ7eMNf\nK4gSflrAQrLL5u0sJ4esIcJgdPGTQoSiOLr+DUdc5wE9Vfa9qjjZBkp4rFdXPV/X\nLyAkrQYAvwwLVPVYrJSWrsWZcgPrVksSPwHPc5WfSPLUuZ/m0ONPP+PpG7fE25St\nFskqgvAb3mqBuXK1N9oJhvjfiihXWx9BV6F/AK+c49gEZt6JKRmCXiPee+lpBAQe\n/Bu8RiQJY+LtA3ERmVvkWG0LN+iHbhiFXIskTjZrTwQJfvg=\n-----END CERTIFICATE-----",
                "common_name": "C=US,O=Google\\, Inc,CN=Google Cloud SQL Server CA,dnQualifier=bc74583b-f68d-4d34-a05b-b1e32ca2da8f",
                "create_time": "2020-07-29T23:00:55.636Z",
                "expiration_time": "2030-07-27T23:01:55.636Z",
                "sha1_fingerprint": "b0cdd482e08b302add9c7a1fe807819579c0fdd3"
              }
            ],
            "service_account_email_address": "p744578694879-zn7gs1@gcp-sa-cloud-sql.iam.gserviceaccount.com",
            "settings": [
              {
                "activation_policy": "ALWAYS",
                "authorized_gae_applications": null,
                "availability_type": "",
                "backup_configuration": [
                  {
                    "binary_log_enabled": true,
                    "enabled": true,
                    "location": "",
                    "start_time": "00:00"
                  }
                ],
                "crash_safe_replication": false,
                "database_flags": [],
                "disk_autoresize": false,
                "disk_size": 10,
                "disk_type": "PD_SSD",
                "ip_configuration": [
                  {
                    "authorized_networks": [
                      {
                        "expiration_time": "",
                        "name": "",
                        "value": "0.0.0.0/0"
                      }
                    ],
                    "ipv4_enabled": true,
                    "private_network": "",
                    "require_ssl": false
                  }
                ],
                "location_preference": [
                  {
                    "follow_gae_application": "",
                    "zone": "us-central1-a"
                  }
                ],
                "maintenance_window": [],
                "pricing_plan": "PER_USE",
                "replication_type": "SYNCHRONOUS",
                "tier": "db-n1-standard-1",
                "user_labels": null,
                "version": 1
              }
            ],
            "timeouts": null
          },
          "private": "eyJlMmJmYjczMC1lY2FhLTExZTYtOGY4OC0zNDM2M2JjN2M0YzAiOnsiY3JlYXRlIjoxMjAwMDAwMDAwMDAwLCJkZWxldGUiOjEyMDAwMDAwMDAwMDAsInVwZGF0ZSI6MTIwMDAwMDAwMDAwMH19"
        }
      ]
    },
    {
      "mode": "managed",
      "type": "google_sql_user",
      "name": "MySql",
      "provider": "provider.google",
      "instances": [
        {
          "schema_version": 1,
          "attributes": {
            "host": "%",
            "id": "23people/%/lab-mysql",
            "instance": "lab-mysql",
            "name": "23people",
            "password": "23people",
            "project": "alien-bruin-284822",
            "timeouts": null
          },
          "private": "eyJlMmJmYjczMC1lY2FhLTExZTYtOGY4OC0zNDM2M2JjN2M0YzAiOnsiY3JlYXRlIjo2MDAwMDAwMDAwMDAsImRlbGV0ZSI6NjAwMDAwMDAwMDAwLCJ1cGRhdGUiOjYwMDAwMDAwMDAwMH0sInNjaGVtYV92ZXJzaW9uIjoiMSJ9",
          "dependencies": [
            "google_sql_database_instance.MySql"
          ]
        }
      ]
    }
  ]
}
